
Microsoft Visual Studio Solution File, Format Version 12.00
# Visual Studio Version 16
VisualStudioVersion = 16.0.32630.194
MinimumVisualStudioVersion = 10.0.40219.1
Project("{FAE04EC0-301F-11D3-BF4B-00C04F79EFBC}") = "Multi_Test", "Multi_Test.csproj", "{4C8C8FFA-32A7-4D80-80FF-BC5B8B376A1D}"
EndProject
Global
	GlobalSection(SolutionConfigurationPlatforms) = preSolution
		Debug|Any CPU = Debug|Any CPU
		Release|Any CPU = Release|Any CPU
	EndGlobalSection
	GlobalSection(ProjectConfigurationPlatforms) = postSolution
		{4C8C8FFA-32A7-4D80-80FF-BC5B8B376A1D}.Debug|Any CPU.ActiveCfg = Debug|Any CPU
		{4C8C8FFA-32A7-4D80-80FF-BC5B8B376A1D}.Debug|Any CPU.Build.0 = Debug|Any CPU
		{4C8C8FFA-32A7-4D80-80FF-BC5B8B376A1D}.Release|Any CPU.ActiveCfg = Release|Any CPU
		{4C8C8FFA-32A7-4D80-80FF-BC5B8B376A1D}.Release|Any CPU.Build.0 = Release|Any CPU
	EndGlobalSection
	GlobalSection(SolutionProperties) = preSolution
		HideSolutionNode = FALSE
	EndGlobalSection
	GlobalSection(ExtensibilityGlobals) = postSolution
		SolutionGuid = {1DC3D386-585F-460F-B10B-09B5E5B30F67}
	EndGlobalSection
EndGlobal
